
Microsoft Visual Studio Solution File, Format Version 12.00
# Visual Studio Version 16
VisualStudioVersion = 16.0.30320.27
MinimumVisualStudioVersion = 10.0.40219.1
Project("{9A19103F-16F7-4668-BE54-9A1E7A4F7556}") = "CsLearning", "CsLearning.csproj", "{E6133295-9694-449C-827D-1C54C206DC23}"
EndProject
Project("{9A19103F-16F7-4668-BE54-9A1E7A4F7556}") = "BankyStuffLibrary", "..\BankyStuffLibrary\BankyStuffLibrary.csproj", "{58CEF0EA-DBB4-4942-9260-FE25277327BD}"
EndProject
Project("{9A19103F-16F7-4668-BE54-9A1E7A4F7556}") = "BankingTests", "..\BankingTests\BankingTests.csproj", "{993CA55F-9742-4EE7-9281-765B1EEBE5BE}"
EndProject
Project("{9A19103F-16F7-4668-BE54-9A1E7A4F7556}") = "CheckerBoard", "..\CheckerBoard\CheckerBoard.csproj", "{7BCD8501-7300-4AB9-8D60-F7CF339B8A2D}"
EndProject
Project("{9A19103F-16F7-4668-BE54-9A1E7A4F7556}") = "Collections", "..\Collections\Collections.csproj", "{D1C2ADA8-FA31-4D1F-A537-8FE13E62647E}"
EndProject
Project("{9A19103F-16F7-4668-BE54-9A1E7A4F7556}") = "FunctionalStuff", "..\FunctionalStuff\FunctionalStuff.csproj", "{27DDDC33-D055-49A0-BE80-3D61C8A2E76E}"
EndProject
Project("{9A19103F-16F7-4668-BE54-9A1E7A4F7556}") = "Generics", "..\Generics\Generics.csproj", "{88107598-1DB3-4AD2-98E5-6CCA702D6332}"
EndProject
Project("{9A19103F-16F7-4668-BE54-9A1E7A4F7556}") = "PatternMatching", "..\PatternMatching\PatternMatching.csproj", "{7EE47F62-054E-4417-B648-9CB64081C6D3}"
EndProject
Project("{9A19103F-16F7-4668-BE54-9A1E7A4F7556}") = "IndicesAndRanges", "..\IndicesAndRanges\IndicesAndRanges.csproj", "{9397E919-A180-4607-8573-2093D8862118}"
EndProject
Project("{9A19103F-16F7-4668-BE54-9A1E7A4F7556}") = "adonet1", "..\adonet1\adonet1.csproj", "{9D13C089-0D36-440C-B5D6-F83DEC61593E}"
EndProject
Project("{2150E333-8FDC-42A3-9474-1A3956D46DE8}") = "CsharpBasics", "CsharpBasics", "{0CD21B6E-440A-4666-8BEC-E362D0BFEF34}"
EndProject
Project("{2150E333-8FDC-42A3-9474-1A3956D46DE8}") = "Adonet_and_EntityFramework_Basics", "Adonet_and_EntityFramework_Basics", "{8AC918AA-55AF-45EC-9495-A5F6B693624F}"
EndProject
Project("{FAE04EC0-301F-11D3-BF4B-00C04F79EFBC}") = "EntityFrameworkDemo", "..\EntityFrameworkDemo\EntityFrameworkDemo.csproj", "{DFD515EC-74C5-4508-9025-4DE1310578B5}"
EndProject
Global
	GlobalSection(SolutionConfigurationPlatforms) = preSolution
		Debug|Any CPU = Debug|Any CPU
		Release|Any CPU = Release|Any CPU
	EndGlobalSection
	GlobalSection(ProjectConfigurationPlatforms) = postSolution
		{E6133295-9694-449C-827D-1C54C206DC23}.Debug|Any CPU.ActiveCfg = Debug|Any CPU
		{E6133295-9694-449C-827D-1C54C206DC23}.Debug|Any CPU.Build.0 = Debug|Any CPU
		{E6133295-9694-449C-827D-1C54C206DC23}.Release|Any CPU.ActiveCfg = Release|Any CPU
		{E6133295-9694-449C-827D-1C54C206DC23}.Release|Any CPU.Build.0 = Release|Any CPU
		{58CEF0EA-DBB4-4942-9260-FE25277327BD}.Debug|Any CPU.ActiveCfg = Debug|Any CPU
		{58CEF0EA-DBB4-4942-9260-FE25277327BD}.Debug|Any CPU.Build.0 = Debug|Any CPU
		{58CEF0EA-DBB4-4942-9260-FE25277327BD}.Release|Any CPU.ActiveCfg = Release|Any CPU
		{58CEF0EA-DBB4-4942-9260-FE25277327BD}.Release|Any CPU.Build.0 = Release|Any CPU
		{993CA55F-9742-4EE7-9281-765B1EEBE5BE}.Debug|Any CPU.ActiveCfg = Debug|Any CPU
		{993CA55F-9742-4EE7-9281-765B1EEBE5BE}.Debug|Any CPU.Build.0 = Debug|Any CPU
		{993CA55F-9742-4EE7-9281-765B1EEBE5BE}.Release|Any CPU.ActiveCfg = Release|Any CPU
		{993CA55F-9742-4EE7-9281-765B1EEBE5BE}.Release|Any CPU.Build.0 = Release|Any CPU
		{7BCD8501-7300-4AB9-8D60-F7CF339B8A2D}.Debug|Any CPU.ActiveCfg = Debug|Any CPU
		{7BCD8501-7300-4AB9-8D60-F7CF339B8A2D}.Debug|Any CPU.Build.0 = Debug|Any CPU
		{7BCD8501-7300-4AB9-8D60-F7CF339B8A2D}.Release|Any CPU.ActiveCfg = Release|Any CPU
		{7BCD8501-7300-4AB9-8D60-F7CF339B8A2D}.Release|Any CPU.Build.0 = Release|Any CPU
		{D1C2ADA8-FA31-4D1F-A537-8FE13E62647E}.Debug|Any CPU.ActiveCfg = Debug|Any CPU
		{D1C2ADA8-FA31-4D1F-A537-8FE13E62647E}.Debug|Any CPU.Build.0 = Debug|Any CPU
		{D1C2ADA8-FA31-4D1F-A537-8FE13E62647E}.Release|Any CPU.ActiveCfg = Release|Any CPU
		{D1C2ADA8-FA31-4D1F-A537-8FE13E62647E}.Release|Any CPU.Build.0 = Release|Any CPU
		{27DDDC33-D055-49A0-BE80-3D61C8A2E76E}.Debug|Any CPU.ActiveCfg = Debug|Any CPU
		{27DDDC33-D055-49A0-BE80-3D61C8A2E76E}.Debug|Any CPU.Build.0 = Debug|Any CPU
		{27DDDC33-D055-49A0-BE80-3D61C8A2E76E}.Release|Any CPU.ActiveCfg = Release|Any CPU
		{27DDDC33-D055-49A0-BE80-3D61C8A2E76E}.Release|Any CPU.Build.0 = Release|Any CPU
		{88107598-1DB3-4AD2-98E5-6CCA702D6332}.Debug|Any CPU.ActiveCfg = Debug|Any CPU
		{88107598-1DB3-4AD2-98E5-6CCA702D6332}.Debug|Any CPU.Build.0 = Debug|Any CPU
		{88107598-1DB3-4AD2-98E5-6CCA702D6332}.Release|Any CPU.ActiveCfg = Release|Any CPU
		{88107598-1DB3-4AD2-98E5-6CCA702D6332}.Release|Any CPU.Build.0 = Release|Any CPU
		{7EE47F62-054E-4417-B648-9CB64081C6D3}.Debug|Any CPU.ActiveCfg = Debug|Any CPU
		{7EE47F62-054E-4417-B648-9CB64081C6D3}.Debug|Any CPU.Build.0 = Debug|Any CPU
		{7EE47F62-054E-4417-B648-9CB64081C6D3}.Release|Any CPU.ActiveCfg = Release|Any CPU
		{7EE47F62-054E-4417-B648-9CB64081C6D3}.Release|Any CPU.Build.0 = Release|Any CPU
		{9397E919-A180-4607-8573-2093D8862118}.Debug|Any CPU.ActiveCfg = Debug|Any CPU
		{9397E919-A180-4607-8573-2093D8862118}.Debug|Any CPU.Build.0 = Debug|Any CPU
		{9397E919-A180-4607-8573-2093D8862118}.Release|Any CPU.ActiveCfg = Release|Any CPU
		{9397E919-A180-4607-8573-2093D8862118}.Release|Any CPU.Build.0 = Release|Any CPU
		{9D13C089-0D36-440C-B5D6-F83DEC61593E}.Debug|Any CPU.ActiveCfg = Debug|Any CPU
		{9D13C089-0D36-440C-B5D6-F83DEC61593E}.Debug|Any CPU.Build.0 = Debug|Any CPU
		{9D13C089-0D36-440C-B5D6-F83DEC61593E}.Release|Any CPU.ActiveCfg = Release|Any CPU
		{9D13C089-0D36-440C-B5D6-F83DEC61593E}.Release|Any CPU.Build.0 = Release|Any CPU
		{DFD515EC-74C5-4508-9025-4DE1310578B5}.Debug|Any CPU.ActiveCfg = Debug|Any CPU
		{DFD515EC-74C5-4508-9025-4DE1310578B5}.Debug|Any CPU.Build.0 = Debug|Any CPU
		{DFD515EC-74C5-4508-9025-4DE1310578B5}.Release|Any CPU.ActiveCfg = Release|Any CPU
		{DFD515EC-74C5-4508-9025-4DE1310578B5}.Release|Any CPU.Build.0 = Release|Any CPU
	EndGlobalSection
	GlobalSection(SolutionProperties) = preSolution
		HideSolutionNode = FALSE
	EndGlobalSection
	GlobalSection(NestedProjects) = preSolution
		{E6133295-9694-449C-827D-1C54C206DC23} = {0CD21B6E-440A-4666-8BEC-E362D0BFEF34}
		{58CEF0EA-DBB4-4942-9260-FE25277327BD} = {0CD21B6E-440A-4666-8BEC-E362D0BFEF34}
		{993CA55F-9742-4EE7-9281-765B1EEBE5BE} = {0CD21B6E-440A-4666-8BEC-E362D0BFEF34}
		{7BCD8501-7300-4AB9-8D60-F7CF339B8A2D} = {0CD21B6E-440A-4666-8BEC-E362D0BFEF34}
		{D1C2ADA8-FA31-4D1F-A537-8FE13E62647E} = {0CD21B6E-440A-4666-8BEC-E362D0BFEF34}
		{27DDDC33-D055-49A0-BE80-3D61C8A2E76E} = {0CD21B6E-440A-4666-8BEC-E362D0BFEF34}
		{88107598-1DB3-4AD2-98E5-6CCA702D6332} = {0CD21B6E-440A-4666-8BEC-E362D0BFEF34}
		{7EE47F62-054E-4417-B648-9CB64081C6D3} = {0CD21B6E-440A-4666-8BEC-E362D0BFEF34}
		{9397E919-A180-4607-8573-2093D8862118} = {0CD21B6E-440A-4666-8BEC-E362D0BFEF34}
		{9D13C089-0D36-440C-B5D6-F83DEC61593E} = {8AC918AA-55AF-45EC-9495-A5F6B693624F}
		{DFD515EC-74C5-4508-9025-4DE1310578B5} = {8AC918AA-55AF-45EC-9495-A5F6B693624F}
	EndGlobalSection
	GlobalSection(ExtensibilityGlobals) = postSolution
		SolutionGuid = {366E73A9-1689-43BA-BF52-1E5EBCCE2BA2}
	EndGlobalSection
EndGlobal
